
Microsoft Visual Studio Solution File, Format Version 12.00
# Visual Studio Version 17
VisualStudioVersion = 17.8.34408.163
MinimumVisualStudioVersion = 10.0.40219.1
Project("{9A19103F-16F7-4668-BE54-9A1E7A4F7556}") = "Example01", "Example01\Example01.csproj", "{2C12CD7A-B851-4BA6-A165-E4210AA93090}"
EndProject
Project("{9A19103F-16F7-4668-BE54-9A1E7A4F7556}") = "Example02", "Example02\Example02.csproj", "{3638F5AC-4203-49DD-AB5F-A807117D75FC}"
EndProject
Project("{9A19103F-16F7-4668-BE54-9A1E7A4F7556}") = "Example03", "Example03\Example03.csproj", "{719181A2-EA96-4FC5-A0FB-B7EC0D087277}"
EndProject
Project("{9A19103F-16F7-4668-BE54-9A1E7A4F7556}") = "Example04", "Example04\Example04.csproj", "{DCBDDE69-AE23-447D-8AD3-3BA7F43D18F9}"
EndProject
Project("{9A19103F-16F7-4668-BE54-9A1E7A4F7556}") = "Example05", "Example05\Example05.csproj", "{F299E6D9-5E93-4261-ACE3-216C65907ED6}"
EndProject
Project("{9A19103F-16F7-4668-BE54-9A1E7A4F7556}") = "Practice01", "Practice01\Practice01.csproj", "{7C78AA47-7E17-466C-90AB-8F180B643441}"
EndProject
Project("{9A19103F-16F7-4668-BE54-9A1E7A4F7556}") = "Wk3LabExercise1", "Wk3LabExercise1\Wk3LabExercise1.csproj", "{7643F5DD-2868-4966-B004-60D06782618E}"
EndProject
Project("{9A19103F-16F7-4668-BE54-9A1E7A4F7556}") = "Wk3LabExercise2", "Wk3LabExercise2\Wk3LabExercise2.csproj", "{5482FE9F-1F27-47E6-9D5E-C3BE656D738E}"
EndProject
Project("{2150E333-8FDC-42A3-9474-1A3956D46DE8}") = "Wk3 Exercises", "Wk3 Exercises", "{C2E3694A-AFD5-402B-AAB4-4482A587BED2}"
EndProject
Project("{2150E333-8FDC-42A3-9474-1A3956D46DE8}") = "Wk 1", "Wk 1", "{83D40BF0-F4A5-4665-906E-6B28B92E68F1}"
EndProject
Project("{2150E333-8FDC-42A3-9474-1A3956D46DE8}") = "Wk 2", "Wk 2", "{A42E0B2D-6A0B-4A2F-BD34-EA7B5CDF2157}"
EndProject
Global
	GlobalSection(SolutionConfigurationPlatforms) = preSolution
		Debug|Any CPU = Debug|Any CPU
		Release|Any CPU = Release|Any CPU
	EndGlobalSection
	GlobalSection(ProjectConfigurationPlatforms) = postSolution
		{2C12CD7A-B851-4BA6-A165-E4210AA93090}.Debug|Any CPU.ActiveCfg = Debug|Any CPU
		{2C12CD7A-B851-4BA6-A165-E4210AA93090}.Debug|Any CPU.Build.0 = Debug|Any CPU
		{2C12CD7A-B851-4BA6-A165-E4210AA93090}.Release|Any CPU.ActiveCfg = Release|Any CPU
		{2C12CD7A-B851-4BA6-A165-E4210AA93090}.Release|Any CPU.Build.0 = Release|Any CPU
		{3638F5AC-4203-49DD-AB5F-A807117D75FC}.Debug|Any CPU.ActiveCfg = Debug|Any CPU
		{3638F5AC-4203-49DD-AB5F-A807117D75FC}.Debug|Any CPU.Build.0 = Debug|Any CPU
		{3638F5AC-4203-49DD-AB5F-A807117D75FC}.Release|Any CPU.ActiveCfg = Release|Any CPU
		{3638F5AC-4203-49DD-AB5F-A807117D75FC}.Release|Any CPU.Build.0 = Release|Any CPU
		{719181A2-EA96-4FC5-A0FB-B7EC0D087277}.Debug|Any CPU.ActiveCfg = Debug|Any CPU
		{719181A2-EA96-4FC5-A0FB-B7EC0D087277}.Debug|Any CPU.Build.0 = Debug|Any CPU
		{719181A2-EA96-4FC5-A0FB-B7EC0D087277}.Release|Any CPU.ActiveCfg = Release|Any CPU
		{719181A2-EA96-4FC5-A0FB-B7EC0D087277}.Release|Any CPU.Build.0 = Release|Any CPU
		{DCBDDE69-AE23-447D-8AD3-3BA7F43D18F9}.Debug|Any CPU.ActiveCfg = Debug|Any CPU
		{DCBDDE69-AE23-447D-8AD3-3BA7F43D18F9}.Debug|Any CPU.Build.0 = Debug|Any CPU
		{DCBDDE69-AE23-447D-8AD3-3BA7F43D18F9}.Release|Any CPU.ActiveCfg = Release|Any CPU
		{DCBDDE69-AE23-447D-8AD3-3BA7F43D18F9}.Release|Any CPU.Build.0 = Release|Any CPU
		{F299E6D9-5E93-4261-ACE3-216C65907ED6}.Debug|Any CPU.ActiveCfg = Debug|Any CPU
		{F299E6D9-5E93-4261-ACE3-216C65907ED6}.Debug|Any CPU.Build.0 = Debug|Any CPU
		{F299E6D9-5E93-4261-ACE3-216C65907ED6}.Release|Any CPU.ActiveCfg = Release|Any CPU
		{F299E6D9-5E93-4261-ACE3-216C65907ED6}.Release|Any CPU.Build.0 = Release|Any CPU
		{7C78AA47-7E17-466C-90AB-8F180B643441}.Debug|Any CPU.ActiveCfg = Debug|Any CPU
		{7C78AA47-7E17-466C-90AB-8F180B643441}.Debug|Any CPU.Build.0 = Debug|Any CPU
		{7C78AA47-7E17-466C-90AB-8F180B643441}.Release|Any CPU.ActiveCfg = Release|Any CPU
		{7C78AA47-7E17-466C-90AB-8F180B643441}.Release|Any CPU.Build.0 = Release|Any CPU
		{7643F5DD-2868-4966-B004-60D06782618E}.Debug|Any CPU.ActiveCfg = Debug|Any CPU
		{7643F5DD-2868-4966-B004-60D06782618E}.Debug|Any CPU.Build.0 = Debug|Any CPU
		{7643F5DD-2868-4966-B004-60D06782618E}.Release|Any CPU.ActiveCfg = Release|Any CPU
		{7643F5DD-2868-4966-B004-60D06782618E}.Release|Any CPU.Build.0 = Release|Any CPU
		{5482FE9F-1F27-47E6-9D5E-C3BE656D738E}.Debug|Any CPU.ActiveCfg = Debug|Any CPU
		{5482FE9F-1F27-47E6-9D5E-C3BE656D738E}.Debug|Any CPU.Build.0 = Debug|Any CPU
		{5482FE9F-1F27-47E6-9D5E-C3BE656D738E}.Release|Any CPU.ActiveCfg = Release|Any CPU
		{5482FE9F-1F27-47E6-9D5E-C3BE656D738E}.Release|Any CPU.Build.0 = Release|Any CPU
	EndGlobalSection
	GlobalSection(SolutionProperties) = preSolution
		HideSolutionNode = FALSE
	EndGlobalSection
	GlobalSection(NestedProjects) = preSolution
		{2C12CD7A-B851-4BA6-A165-E4210AA93090} = {83D40BF0-F4A5-4665-906E-6B28B92E68F1}
		{3638F5AC-4203-49DD-AB5F-A807117D75FC} = {A42E0B2D-6A0B-4A2F-BD34-EA7B5CDF2157}
		{719181A2-EA96-4FC5-A0FB-B7EC0D087277} = {C2E3694A-AFD5-402B-AAB4-4482A587BED2}
		{DCBDDE69-AE23-447D-8AD3-3BA7F43D18F9} = {C2E3694A-AFD5-402B-AAB4-4482A587BED2}
		{F299E6D9-5E93-4261-ACE3-216C65907ED6} = {C2E3694A-AFD5-402B-AAB4-4482A587BED2}
		{7C78AA47-7E17-466C-90AB-8F180B643441} = {A42E0B2D-6A0B-4A2F-BD34-EA7B5CDF2157}
		{7643F5DD-2868-4966-B004-60D06782618E} = {C2E3694A-AFD5-402B-AAB4-4482A587BED2}
		{5482FE9F-1F27-47E6-9D5E-C3BE656D738E} = {C2E3694A-AFD5-402B-AAB4-4482A587BED2}
	EndGlobalSection
	GlobalSection(ExtensibilityGlobals) = postSolution
		SolutionGuid = {98DE03E3-B064-4203-B83E-D751C441EBAD}
	EndGlobalSection
EndGlobal
